
Microsoft Visual Studio Solution File, Format Version 12.00
# Visual Studio Version 16
VisualStudioVersion = 16.0.31729.503
MinimumVisualStudioVersion = 10.0.40219.1
Project("{FAE04EC0-301F-11D3-BF4B-00C04F79EFBC}") = "CalculatorProjet", "CalculatorProjet\CalculatorProjet.csproj", "{FC944D67-EDD2-4EB3-9A94-AEA965ABA173}"
EndProject
Global
	GlobalSection(SolutionConfigurationPlatforms) = preSolution
		Debug|Any CPU = Debug|Any CPU
		Release|Any CPU = Release|Any CPU
	EndGlobalSection
	GlobalSection(ProjectConfigurationPlatforms) = postSolution
		{FC944D67-EDD2-4EB3-9A94-AEA965ABA173}.Debug|Any CPU.ActiveCfg = Debug|Any CPU
		{FC944D67-EDD2-4EB3-9A94-AEA965ABA173}.Debug|Any CPU.Build.0 = Debug|Any CPU
		{FC944D67-EDD2-4EB3-9A94-AEA965ABA173}.Release|Any CPU.ActiveCfg = Release|Any CPU
		{FC944D67-EDD2-4EB3-9A94-AEA965ABA173}.Release|Any CPU.Build.0 = Release|Any CPU
	EndGlobalSection
	GlobalSection(SolutionProperties) = preSolution
		HideSolutionNode = FALSE
	EndGlobalSection
	GlobalSection(ExtensibilityGlobals) = postSolution
		SolutionGuid = {AB6CA875-0A50-481D-AFEB-DC28F528E5A4}
	EndGlobalSection
EndGlobal
